
Microsoft Visual Studio Solution File, Format Version 12.00
# Visual Studio Version 16
VisualStudioVersion = 16.0.29201.188
MinimumVisualStudioVersion = 10.0.40219.1
Project("{FAE04EC0-301F-11D3-BF4B-00C04F79EFBC}") = "FrameworkHelpers", "FrameworkHelpers.csproj", "{6B56CA94-9D41-45A7-9611-9149183DB21B}"
EndProject
Project("{2150E333-8FDC-42A3-9474-1A3956D46DE8}") = "Build", "Build", "{6F32F54F-4696-49EB-AFFA-82F1DC29C177}"
	ProjectSection(SolutionItems) = preProject
		.gitignore = .gitignore
		ReadMe.md = ReadMe.md
		ReleaseNotes.md = ReleaseNotes.md
	EndProjectSection
EndProject
Global
	GlobalSection(SolutionConfigurationPlatforms) = preSolution
		Debug|Any CPU = Debug|Any CPU
		Release|Any CPU = Release|Any CPU
	EndGlobalSection
	GlobalSection(ProjectConfigurationPlatforms) = postSolution
		{6B56CA94-9D41-45A7-9611-9149183DB21B}.Debug|Any CPU.ActiveCfg = Debug|Any CPU
		{6B56CA94-9D41-45A7-9611-9149183DB21B}.Debug|Any CPU.Build.0 = Debug|Any CPU
		{6B56CA94-9D41-45A7-9611-9149183DB21B}.Release|Any CPU.ActiveCfg = Release|Any CPU
		{6B56CA94-9D41-45A7-9611-9149183DB21B}.Release|Any CPU.Build.0 = Release|Any CPU
	EndGlobalSection
	GlobalSection(SolutionProperties) = preSolution
		HideSolutionNode = FALSE
	EndGlobalSection
	GlobalSection(ExtensibilityGlobals) = postSolution
		SolutionGuid = {72A77D81-1F8D-44D9-A380-15381B72EE4D}
	EndGlobalSection
EndGlobal
